PODS:
  - FBSnapshotTestCase (2.1.4):
    - FBSnapshotTestCase/SwiftSupport (= 2.1.4)
  - FBSnapshotTestCase/Core (2.1.4)
  - FBSnapshotTestCase/SwiftSupport (2.1.4):
    - FBSnapshotTestCase/Core
  - Skin (0.1.1)

DEPENDENCIES:
  - FBSnapshotTestCase (~> 2.1.4)
  - Skin (from `../Skin.podspec`)

SPEC REPOS:
  https://github.com/cocoapods/specs.git:
    - FBSnapshotTestCase

EXTERNAL SOURCES:
  Skin:
    :podspec: "../Skin.podspec"

SPEC CHECKSUMS:
  FBSnapshotTestCase: 094f9f314decbabe373b87cc339bea235a63e07a
  Skin: 61696a61fc6b536d30f381bffcdb840ab6778c18

PODFILE CHECKSUM: 49a0544aaa42cca96c8478c3171a0e02541b4108

COCOAPODS: 1.6.1
